
Microsoft Visual Studio Solution File, Format Version 12.00
# Visual Studio Version 16
VisualStudioVersion = 16.0.810.13
MinimumVisualStudioVersion = 10.0.40219.1
Project("{FAE04EC0-301F-11D3-BF4B-00C04F79EFBC}") = "Unity.Searcher.Editor", "Unity.Searcher.Editor.csproj", "{0B61D060-AD9D-2F2F-6D5E-1B987A9112AE}"
EndProject
Global
	GlobalSection(SolutionConfigurationPlatforms) = preSolution
		Debug|Any CPU = Debug|Any CPU
		Release|Any CPU = Release|Any CPU
	EndGlobalSection
	GlobalSection(ProjectConfigurationPlatforms) = postSolution
		{0B61D060-AD9D-2F2F-6D5E-1B987A9112AE}.Debug|Any CPU.ActiveCfg = Debug|Any CPU
		{0B61D060-AD9D-2F2F-6D5E-1B987A9112AE}.Debug|Any CPU.Build.0 = Debug|Any CPU
		{0B61D060-AD9D-2F2F-6D5E-1B987A9112AE}.Release|Any CPU.ActiveCfg = Release|Any CPU
		{0B61D060-AD9D-2F2F-6D5E-1B987A9112AE}.Release|Any CPU.Build.0 = Release|Any CPU
	EndGlobalSection
	GlobalSection(SolutionProperties) = preSolution
		HideSolutionNode = FALSE
	EndGlobalSection
	GlobalSection(ExtensibilityGlobals) = postSolution
		SolutionGuid = {F6075F91-615F-49C5-BDFB-9540AA78B946}
	EndGlobalSection
EndGlobal
